
Microsoft Visual Studio Solution File, Format Version 12.00
# Visual Studio Version 16
VisualStudioVersion = 16.0.30804.86
MinimumVisualStudioVersion = 10.0.40219.1
Project("{9A19103F-16F7-4668-BE54-9A1E7A4F7556}") = "UnityIntegration", "UnityIntegration\UnityIntegration.csproj", "{AC8FA735-CFF2-4349-951A-C2BD509E3CB6}"
EndProject
Project("{9A19103F-16F7-4668-BE54-9A1E7A4F7556}") = "TestClient", "TestClient\TestClient.csproj", "{233D273B-A146-4B8F-B80A-926BC5C21E90}"
EndProject
Project("{9A19103F-16F7-4668-BE54-9A1E7A4F7556}") = "UnityIntegrationEditor", "UnityIntegrationEditor\UnityIntegrationEditor.csproj", "{3D238D41-3593-4432-91D5-D9FD6114D2B0}"
EndProject
Project("{9A19103F-16F7-4668-BE54-9A1E7A4F7556}") = "Host", "Host\Host.csproj", "{795F9908-B8FE-4850-9382-B06D3D9092CE}"
EndProject
Project("{9A19103F-16F7-4668-BE54-9A1E7A4F7556}") = "Synchronization", "Synchronization\Synchronization.csproj", "{9223A9B9-0680-4C16-BBDB-C3A485C62AF1}"
EndProject
Project("{9A19103F-16F7-4668-BE54-9A1E7A4F7556}") = "Communication", "Communication\Communication.csproj", "{F5BE89D0-862C-4258-8862-776A17A5708C}"
EndProject
Project("{FAE04EC0-301F-11D3-BF4B-00C04F79EFBC}") = "Synchronization.Test", "Synchronization.Test\Synchronization.Test.csproj", "{2163C46A-8865-4EA4-9998-456C4371DC2A}"
EndProject
Global
	GlobalSection(SolutionConfigurationPlatforms) = preSolution
		Debug|Any CPU = Debug|Any CPU
		Release|Any CPU = Release|Any CPU
	EndGlobalSection
	GlobalSection(ProjectConfigurationPlatforms) = postSolution
		{AC8FA735-CFF2-4349-951A-C2BD509E3CB6}.Debug|Any CPU.ActiveCfg = Debug|Any CPU
		{AC8FA735-CFF2-4349-951A-C2BD509E3CB6}.Debug|Any CPU.Build.0 = Debug|Any CPU
		{AC8FA735-CFF2-4349-951A-C2BD509E3CB6}.Release|Any CPU.ActiveCfg = Release|Any CPU
		{AC8FA735-CFF2-4349-951A-C2BD509E3CB6}.Release|Any CPU.Build.0 = Release|Any CPU
		{233D273B-A146-4B8F-B80A-926BC5C21E90}.Debug|Any CPU.ActiveCfg = Debug|Any CPU
		{233D273B-A146-4B8F-B80A-926BC5C21E90}.Debug|Any CPU.Build.0 = Debug|Any CPU
		{233D273B-A146-4B8F-B80A-926BC5C21E90}.Release|Any CPU.ActiveCfg = Release|Any CPU
		{233D273B-A146-4B8F-B80A-926BC5C21E90}.Release|Any CPU.Build.0 = Release|Any CPU
		{3D238D41-3593-4432-91D5-D9FD6114D2B0}.Debug|Any CPU.ActiveCfg = Debug|Any CPU
		{3D238D41-3593-4432-91D5-D9FD6114D2B0}.Debug|Any CPU.Build.0 = Debug|Any CPU
		{3D238D41-3593-4432-91D5-D9FD6114D2B0}.Release|Any CPU.ActiveCfg = Release|Any CPU
		{3D238D41-3593-4432-91D5-D9FD6114D2B0}.Release|Any CPU.Build.0 = Release|Any CPU
		{795F9908-B8FE-4850-9382-B06D3D9092CE}.Debug|Any CPU.ActiveCfg = Debug|Any CPU
		{795F9908-B8FE-4850-9382-B06D3D9092CE}.Debug|Any CPU.Build.0 = Debug|Any CPU
		{795F9908-B8FE-4850-9382-B06D3D9092CE}.Release|Any CPU.ActiveCfg = Release|Any CPU
		{795F9908-B8FE-4850-9382-B06D3D9092CE}.Release|Any CPU.Build.0 = Release|Any CPU
		{9223A9B9-0680-4C16-BBDB-C3A485C62AF1}.Debug|Any CPU.ActiveCfg = Debug|Any CPU
		{9223A9B9-0680-4C16-BBDB-C3A485C62AF1}.Debug|Any CPU.Build.0 = Debug|Any CPU
		{9223A9B9-0680-4C16-BBDB-C3A485C62AF1}.Release|Any CPU.ActiveCfg = Release|Any CPU
		{9223A9B9-0680-4C16-BBDB-C3A485C62AF1}.Release|Any CPU.Build.0 = Release|Any CPU
		{F5BE89D0-862C-4258-8862-776A17A5708C}.Debug|Any CPU.ActiveCfg = Debug|Any CPU
		{F5BE89D0-862C-4258-8862-776A17A5708C}.Debug|Any CPU.Build.0 = Debug|Any CPU
		{F5BE89D0-862C-4258-8862-776A17A5708C}.Release|Any CPU.ActiveCfg = Release|Any CPU
		{F5BE89D0-862C-4258-8862-776A17A5708C}.Release|Any CPU.Build.0 = Release|Any CPU
		{2163C46A-8865-4EA4-9998-456C4371DC2A}.Debug|Any CPU.ActiveCfg = Debug|Any CPU
		{2163C46A-8865-4EA4-9998-456C4371DC2A}.Debug|Any CPU.Build.0 = Debug|Any CPU
		{2163C46A-8865-4EA4-9998-456C4371DC2A}.Release|Any CPU.ActiveCfg = Release|Any CPU
		{2163C46A-8865-4EA4-9998-456C4371DC2A}.Release|Any CPU.Build.0 = Release|Any CPU
	EndGlobalSection
	GlobalSection(SolutionProperties) = preSolution
		HideSolutionNode = FALSE
	EndGlobalSection
	GlobalSection(ExtensibilityGlobals) = postSolution
		SolutionGuid = {ED118F59-A686-482D-9E2A-0C485150843E}
	EndGlobalSection
EndGlobal
